// !$*UTF8*$!
{
	archiveVersion = 1;
	classes = {
	};
	objectVersion = 50;
	objects = {

/* Begin PBXBuildFile section */
		4A9F71E1249C9EA10023C93F /* AppDelegate.swift in Sources */ = {isa = PBXBuildFile; fileRef = 4A9F71E0249C9EA10023C93F /* AppDelegate.swift */; };
		4A9F71E3249C9EA10023C93F /* ViewController.swift in Sources */ = {isa = PBXBuildFile; fileRef = 4A9F71E2249C9EA10023C93F /* ViewController.swift */; };
		4A9F71E5249C9EA40023C93F /* Assets.xcassets in Resources */ = {isa = PBXBuildFile; fileRef = 4A9F71E4249C9EA40023C93F /* Assets.xcassets */; };
		4A9F71E8249C9EA40023C93F /* Main.storyboard in Resources */ = {isa = PBXBuildFile; fileRef = 4A9F71E6249C9EA40023C93F /* Main.storyboard */; };
		4A9F71F4249C9EA40023C93F /* SwitchActivationUITests.swift in Sources */ = {isa = PBXBuildFile; fileRef = 4A9F71F3249C9EA40023C93F /* SwitchActivationUITests.swift */; };
		4A9F71FF249C9EE10023C93F /* StatusBarMenu.swift in Sources */ = {isa = PBXBuildFile; fileRef = 4A9F71FE249C9EE10023C93F /* StatusBarMenu.swift */; };
/* End PBXBuildFile section */

/* Begin PBXContainerItemProxy section */
		4A9F71F0249C9EA40023C93F /* PBXContainerItemProxy */ = {
			isa = PBXContainerItemProxy;
			containerPortal = 4A9F71D5249C9EA00023C93F /* Project object */;
			proxyType = 1;
			remoteGlobalIDString = 4A9F71DC249C9EA00023C93F;
			remoteInfo = SwitchActivation;
		};
/* End PBXContainerItemProxy section */

/* Begin PBXFileReference section */
		4A9F71DD249C9EA00023C93F /* SwitchActivation.app */ = {isa = PBXFileReference; explicitFileType = wrapper.application; includeInIndex = 0; path = SwitchActivation.app; sourceTree = BUILT_PRODUCTS_DIR; };
		4A9F71E0249C9EA10023C93F /* AppDelegate.swift */ = {isa = PBXFileReference; lastKnownFileType = sourcecode.swift; path = AppDelegate.swift; sourceTree = "<group>"; };
		4A9F71E2249C9EA10023C93F /* ViewController.swift */ = {isa = PBXFileReference; lastKnownFileType = sourcecode.swift; path = ViewController.swift; sourceTree = "<group>"; };
		4A9F71E4249C9EA40023C93F /* Assets.xcassets */ = {isa = PBXFileReference; lastKnownFileType = folder.assetcatalog; path = Assets.xcassets; sourceTree = "<group>"; };
		4A9F71E7249C9EA40023C93F /* Base */ = {isa = PBXFileReference; lastKnownFileType = file.storyboard; name = Base; path = Base.lproj/Main.storyboard; sourceTree = "<group>"; };
		4A9F71E9249C9EA40023C93F /* Info.plist */ = {isa = PBXFileReference; lastKnownFileType = text.plist.xml; path = Info.plist; sourceTree = "<group>"; };
		4A9F71EA249C9EA40023C93F /* SwitchActivation.entitlements */ = {isa = PBXFileReference; lastKnownFileType = text.plist.entitlements; path = SwitchActivation.entitlements; sourceTree = "<group>"; };
		4A9F71EF249C9EA40023C93F /* SwitchActivationUITests.xctest */ = {isa = PBXFileReference; explicitFileType = wrapper.cfbundle; includeInIndex = 0; path = SwitchActivationUITests.xctest; sourceTree = BUILT_PRODUCTS_DIR; };
		4A9F71F3249C9EA40023C93F /* SwitchActivationUITests.swift */ = {isa = PBXFileReference; lastKnownFileType = sourcecode.swift; path = SwitchActivationUITests.swift; sourceTree = "<group>"; };
		4A9F71F5249C9EA40023C93F /* Info.plist */ = {isa = PBXFileReference; lastKnownFileType = text.plist.xml; path = Info.plist; sourceTree = "<group>"; };
		4A9F71FE249C9EE10023C93F /* StatusBarMenu.swift */ = {isa = PBXFileReference; lastKnownFileType = sourcecode.swift; path = StatusBarMenu.swift; sourceTree = "<group>"; };
/* End PBXFileReference section */

/* Begin PBXFrameworksBuildPhase section */
		4A9F71DA249C9EA00023C93F /* Frameworks */ = {
			isa = PBXFrameworksBuildPhase;
			buildActionMask = 2147483647;
			files = (
			);
			runOnlyForDeploymentPostprocessing = 0;
		};
		4A9F71EC249C9EA40023C93F /* Frameworks */ = {
			isa = PBXFrameworksBuildPhase;
			buildActionMask = 2147483647;
			files = (
			);
			runOnlyForDeploymentPostprocessing = 0;
		};
/* End PBXFrameworksBuildPhase section */

/* Begin PBXGroup section */
		4A9F71D4249C9EA00023C93F = {
			isa = PBXGroup;
			children = (
				4A9F71DF249C9EA00023C93F /* SwitchActivation */,
				4A9F71F2249C9EA40023C93F /* SwitchActivationUITests */,
				4A9F71DE249C9EA00023C93F /* Products */,
			);
			sourceTree = "<group>";
		};
		4A9F71DE249C9EA00023C93F /* Products */ = {
			isa = PBXGroup;
			children = (
				4A9F71DD249C9EA00023C93F /* SwitchActivation.app */,
				4A9F71EF249C9EA40023C93F /* SwitchActivationUITests.xctest */,
			);
			name = Products;
			sourceTree = "<group>";
		};
		4A9F71DF249C9EA00023C93F /* SwitchActivation */ = {
			isa = PBXGroup;
			children = (
				4A9F71E0249C9EA10023C93F /* AppDelegate.swift */,
				4A9F71FE249C9EE10023C93F /* StatusBarMenu.swift */,
				4A9F71E2249C9EA10023C93F /* ViewController.swift */,
				4A9F71E4249C9EA40023C93F /* Assets.xcassets */,
				4A9F71E6249C9EA40023C93F /* Main.storyboard */,
				4A9F71E9249C9EA40023C93F /* Info.plist */,
				4A9F71EA249C9EA40023C93F /* SwitchActivation.entitlements */,
			);
			path = SwitchActivation;
			sourceTree = "<group>";
		};
		4A9F71F2249C9EA40023C93F /* SwitchActivationUITests */ = {
			isa = PBXGroup;
			children = (
				4A9F71F3249C9EA40023C93F /* SwitchActivationUITests.swift */,
				4A9F71F5249C9EA40023C93F /* Info.plist */,
			);
			path = SwitchActivationUITests;
			sourceTree = "<group>";
		};
/* End PBXGroup section */

/* Begin PBXNativeTarget section */
		4A9F71DC249C9EA00023C93F /* SwitchActivation */ = {
			isa = PBXNativeTarget;
			buildConfigurationList = 4A9F71F8249C9EA40023C93F /* Build configuration list for PBXNativeTarget "SwitchActivation" */;
			buildPhases = (
				4A9F71D9249C9EA00023C93F /* Sources */,
				4A9F71DA249C9EA00023C93F /* Frameworks */,
				4A9F71DB249C9EA00023C93F /* Resources */,
			);
			buildRules = (
			);
			dependencies = (
			);
			name = SwitchActivation;
			productName = SwitchActivation;
			productReference = 4A9F71DD249C9EA00023C93F /* SwitchActivation.app */;
			productType = "com.apple.product-type.application";
		};
		4A9F71EE249C9EA40023C93F /* SwitchActivationUITests */ = {
			isa = PBXNativeTarget;
			buildConfigurationList = 4A9F71FB249C9EA40023C93F /* Build configuration list for PBXNativeTarget "SwitchActivationUITests" */;
			buildPhases = (
				4A9F71EB249C9EA40023C93F /* Sources */,
				4A9F71EC249C9EA40023C93F /* Frameworks */,
				4A9F71ED249C9EA40023C93F /* Resources */,
			);
			buildRules = (
			);
			dependencies = (
				4A9F71F1249C9EA40023C93F /* PBXTargetDependency */,
			);
			name = SwitchActivationUITests;
			productName = SwitchActivationUITests;
			productReference = 4A9F71EF249C9EA40023C93F /* SwitchActivationUITests.xctest */;
			productType = "com.apple.product-type.bundle.ui-testing";
		};
/* End PBXNativeTarget section */

/* Begin PBXProject section */
		4A9F71D5249C9EA00023C93F /* Project object */ = {
			isa = PBXProject;
			attributes = {
				LastSwiftUpdateCheck = 1150;
				LastUpgradeCheck = 1150;
				ORGANIZATIONNAME = "Sparta Science";
				TargetAttributes = {
					4A9F71DC249C9EA00023C93F = {
						CreatedOnToolsVersion = 11.5;
					};
					4A9F71EE249C9EA40023C93F = {
						CreatedOnToolsVersion = 11.5;
						TestTargetID = 4A9F71DC249C9EA00023C93F;
					};
				};
			};
			buildConfigurationList = 4A9F71D8249C9EA00023C93F /* Build configuration list for PBXProject "SwitchActivation" */;
			compatibilityVersion = "Xcode 9.3";
			developmentRegion = en;
			hasScannedForEncodings = 0;
			knownRegions = (
				en,
				Base,
			);
			mainGroup = 4A9F71D4249C9EA00023C93F;
			productRefGroup = 4A9F71DE249C9EA00023C93F /* Products */;
			projectDirPath = "";
			projectRoot = "";
			targets = (
				4A9F71DC249C9EA00023C93F /* SwitchActivation */,
				4A9F71EE249C9EA40023C93F /* SwitchActivationUITests */,
			);
		};
/* End PBXProject section */

/* Begin PBXResourcesBuildPhase section */
		4A9F71DB249C9EA00023C93F /* Resources */ = {
			isa = PBXResourcesBuildPhase;
			buildActionMask = 2147483647;
			files = (
				4A9F71E5249C9EA40023C93F /* Assets.xcassets in Resources */,
				4A9F71E8249C9EA40023C93F /* Main.storyboard in Resources */,
			);
			runOnlyForDeploymentPostprocessing = 0;
		};
		4A9F71ED249C9EA40023C93F /* Resources */ = {
			isa = PBXResourcesBuildPhase;
			buildActionMask = 2147483647;
			files = (
			);
			runOnlyForDeploymentPostprocessing = 0;
		};
/* End PBXResourcesBuildPhase section */

/* Begin PBXSourcesBuildPhase section */
		4A9F71D9249C9EA00023C93F /* Sources */ = {
			isa = PBXSourcesBuildPhase;
			buildActionMask = 2147483647;
			files = (
				4A9F71FF249C9EE10023C93F /* StatusBarMenu.swift in Sources */,
				4A9F71E3249C9EA10023C93F /* ViewController.swift in Sources */,
				4A9F71E1249C9EA10023C93F /* AppDelegate.swift in Sources */,
			);
			runOnlyForDeploymentPostprocessing = 0;
		};
		4A9F71EB249C9EA40023C93F /* Sources */ = {
			isa = PBXSourcesBuildPhase;
			buildActionMask = 2147483647;
			files = (
				4A9F71F4249C9EA40023C93F /* SwitchActivationUITests.swift in Sources */,
			);
			runOnlyForDeploymentPostprocessing = 0;
		};
/* End PBXSourcesBuildPhase section */

/* Begin PBXTargetDependency section */
		4A9F71F1249C9EA40023C93F /* PBXTargetDependency */ = {
			isa = PBXTargetDependency;
			target = 4A9F71DC249C9EA00023C93F /* SwitchActivation */;
			targetProxy = 4A9F71F0249C9EA40023C93F /* PBXContainerItemProxy */;
		};
/* End PBXTargetDependency section */

/* Begin PBXVariantGroup section */
		4A9F71E6249C9EA40023C93F /* Main.storyboard */ = {
			isa = PBXVariantGroup;
			children = (
				4A9F71E7249C9EA40023C93F /* Base */,
			);
			name = Main.storyboard;
			sourceTree = "<group>";
		};
/* End PBXVariantGroup section */

/* Begin XCBuildConfiguration section */
		4A9F71F6249C9EA40023C93F /* Debug */ = {
			isa = XCBuildConfiguration;
			buildSettings = {
				ALWAYS_SEARCH_USER_PATHS = NO;
				CLANG_ANALYZER_NONNULL = YES;
				CLANG_ANALYZER_NUMBER_OBJECT_CONVERSION = YES_AGGRESSIVE;
				CLANG_CXX_LANGUAGE_STANDARD = "gnu++14";
				CLANG_CXX_LIBRARY = "libc++";
				CLANG_ENABLE_MODULES = YES;
				CLANG_ENABLE_OBJC_ARC = YES;
				CLANG_ENABLE_OBJC_WEAK = YES;
				CLANG_WARN_BLOCK_CAPTURE_AUTORELEASING = YES;
				CLANG_WARN_BOOL_CONVERSION = YES;
				CLANG_WARN_COMMA = YES;
				CLANG_WARN_CONSTANT_CONVERSION = YES;
				CLANG_WARN_DEPRECATED_OBJC_IMPLEMENTATIONS = YES;
				CLANG_WARN_DIRECT_OBJC_ISA_USAGE = YES_ERROR;
				CLANG_WARN_DOCUMENTATION_COMMENTS = YES;
				CLANG_WARN_EMPTY_BODY = YES;
				CLANG_WARN_ENUM_CONVERSION = YES;
				CLANG_WARN_INFINITE_RECURSION = YES;
				CLANG_WARN_INT_CONVERSION = YES;
				CLANG_WARN_NON_LITERAL_NULL_CONVERSION = YES;
				CLANG_WARN_OBJC_IMPLICIT_RETAIN_SELF = YES;
				CLANG_WARN_OBJC_LITERAL_CONVERSION = YES;
				CLANG_WARN_OBJC_ROOT_CLASS = YES_ERROR;
				CLANG_WARN_RANGE_LOOP_ANALYSIS = YES;
				CLANG_WARN_STRICT_PROTOTYPES = YES;
				CLANG_WARN_SUSPICIOUS_MOVE = YES;
				CLANG_WARN_UNGUARDED_AVAILABILITY = YES_AGGRESSIVE;
				CLANG_WARN_UNREACHABLE_CODE = YES;
				CLANG_WARN__DUPLICATE_METHOD_MATCH = YES;
				COPY_PHASE_STRIP = NO;
				DEBUG_INFORMATION_FORMAT = dwarf;
				ENABLE_STRICT_OBJC_MSGSEND = YES;
				ENABLE_TESTABILITY = YES;
				GCC_C_LANGUAGE_STANDARD = gnu11;
				GCC_DYNAMIC_NO_PIC = NO;
				GCC_NO_COMMON_BLOCKS = YES;
				GCC_OPTIMIZATION_LEVEL = 0;
				GCC_PREPROCESSOR_DEFINITIONS = (
					"DEBUG=1",
					"$(inherited)",
				);
				GCC_WARN_64_TO_32_BIT_CONVERSION = YES;
				GCC_WARN_ABOUT_RETURN_TYPE = YES_ERROR;
				GCC_WARN_UNDECLARED_SELECTOR = YES;
				GCC_WARN_UNINITIALIZED_AUTOS = YES_AGGRESSIVE;
				GCC_WARN_UNUSED_FUNCTION = YES;
				GCC_WARN_UNUSED_VARIABLE = YES;
				MACOSX_DEPLOYMENT_TARGET = 10.15;
				MTL_ENABLE_DEBUG_INFO = INCLUDE_SOURCE;
				MTL_FAST_MATH = YES;
				ONLY_ACTIVE_ARCH = YES;
				SDKROOT = macosx;
				SWIFT_ACTIVE_COMPILATION_CONDITIONS = DEBUG;
				SWIFT_OPTIMIZATION_LEVEL = "-Onone";
			};
			name = Debug;
		};
		4A9F71F7249C9EA40023C93F /* Release */ = {
			isa = XCBuildConfiguration;
			buildSettings = {
				ALWAYS_SEARCH_USER_PATHS = NO;
				CLANG_ANALYZER_NONNULL = YES;
				CLANG_ANALYZER_NUMBER_OBJECT_CONVERSION = YES_AGGRESSIVE;
				CLANG_CXX_LANGUAGE_STANDARD = "gnu++14";
				CLANG_CXX_LIBRARY = "libc++";
				CLANG_ENABLE_MODULES = YES;
				CLANG_ENABLE_OBJC_ARC = YES;
				CLANG_ENABLE_OBJC_WEAK = YES;
				CLANG_WARN_BLOCK_CAPTURE_AUTORELEASING = YES;
				CLANG_WARN_BOOL_CONVERSION = YES;
				CLANG_WARN_COMMA = YES;
				CLANG_WARN_CONSTANT_CONVERSION = YES;
				CLANG_WARN_DEPRECATED_OBJC_IMPLEMENTATIONS = YES;
				CLANG_WARN_DIRECT_OBJC_ISA_USAGE = YES_ERROR;
				CLANG_WARN_DOCUMENTATION_COMMENTS = YES;
				CLANG_WARN_EMPTY_BODY = YES;
				CLANG_WARN_ENUM_CONVERSION = YES;
				CLANG_WARN_INFINITE_RECURSION = YES;
				CLANG_WARN_INT_CONVERSION = YES;
				CLANG_WARN_NON_LITERAL_NULL_CONVERSION = YES;
				CLANG_WARN_OBJC_IMPLICIT_RETAIN_SELF = YES;
				CLANG_WARN_OBJC_LITERAL_CONVERSION = YES;
				CLANG_WARN_OBJC_ROOT_CLASS = YES_ERROR;
				CLANG_WARN_RANGE_LOOP_ANALYSIS = YES;
				CLANG_WARN_STRICT_PROTOTYPES = YES;
				CLANG_WARN_SUSPICIOUS_MOVE = YES;
				CLANG_WARN_UNGUARDED_AVAILABILITY = YES_AGGRESSIVE;
				CLANG_WARN_UNREACHABLE_CODE = YES;
				CLANG_WARN__DUPLICATE_METHOD_MATCH = YES;
				COPY_PHASE_STRIP = NO;
				DEBUG_INFORMATION_FORMAT = "dwarf-with-dsym";
				ENABLE_NS_ASSERTIONS = NO;
				ENABLE_STRICT_OBJC_MSGSEND = YES;
				GCC_C_LANGUAGE_STANDARD = gnu11;
				GCC_NO_COMMON_BLOCKS = YES;
				GCC_WARN_64_TO_32_BIT_CONVERSION = YES;
				GCC_WARN_ABOUT_RETURN_TYPE = YES_ERROR;
				GCC_WARN_UNDECLARED_SELECTOR = YES;
				GCC_WARN_UNINITIALIZED_AUTOS = YES_AGGRESSIVE;
				GCC_WARN_UNUSED_FUNCTION = YES;
				GCC_WARN_UNUSED_VARIABLE = YES;
				MACOSX_DEPLOYMENT_TARGET = 10.15;
				MTL_ENABLE_DEBUG_INFO = NO;
				MTL_FAST_MATH = YES;
				SDKROOT = macosx;
				SWIFT_COMPILATION_MODE = wholemodule;
				SWIFT_OPTIMIZATION_LEVEL = "-O";
			};
			name = Release;
		};
		4A9F71F9249C9EA40023C93F /* Debug */ = {
			isa = XCBuildConfiguration;
			buildSettings = {
				ASSETCATALOG_COMPILER_APPICON_NAME = AppIcon;
				CODE_SIGN_ENTITLEMENTS = SwitchActivation/SwitchActivation.entitlements;
				CODE_SIGN_STYLE = Automatic;
				COMBINE_HIDPI_IMAGES = YES;
				INFOPLIST_FILE = SwitchActivation/Info.plist;
				LD_RUNPATH_SEARCH_PATHS = (
					"$(inherited)",
					"@executable_path/../Frameworks",
				);
				PRODUCT_BUNDLE_IDENTIFIER = com.spartasciene.SwitchActivation.SwitchActivation;
				PRODUCT_NAME = "$(TARGET_NAME)";
				SWIFT_VERSION = 5.0;
			};
			name = Debug;
		};
		4A9F71FA249C9EA40023C93F /* Release */ = {
			isa = XCBuildConfiguration;
			buildSettings = {
				ASSETCATALOG_COMPILER_APPICON_NAME = AppIcon;
				CODE_SIGN_ENTITLEMENTS = SwitchActivation/SwitchActivation.entitlements;
				CODE_SIGN_STYLE = Automatic;
				COMBINE_HIDPI_IMAGES = YES;
				INFOPLIST_FILE = SwitchActivation/Info.plist;
				LD_RUNPATH_SEARCH_PATHS = (
					"$(inherited)",
					"@executable_path/../Frameworks",
				);
				PRODUCT_BUNDLE_IDENTIFIER = com.spartasciene.SwitchActivation.SwitchActivation;
				PRODUCT_NAME = "$(TARGET_NAME)";
				SWIFT_VERSION = 5.0;
			};
			name = Release;
		};
		4A9F71FC249C9EA40023C93F /* Debug */ = {
			isa = XCBuildConfiguration;
			buildSettings = {
				ALWAYS_EMBED_SWIFT_STANDARD_LIBRARIES = YES;
				CODE_SIGN_STYLE = Automatic;
				COMBINE_HIDPI_IMAGES = YES;
				INFOPLIST_FILE = SwitchActivationUITests/Info.plist;
				LD_RUNPATH_SEARCH_PATHS = (
					"$(inherited)",
					"@executable_path/../Frameworks",
					"@loader_path/../Frameworks",
				);
				PRODUCT_BUNDLE_IDENTIFIER = com.spartasciene.SwitchActivation.SwitchActivationUITests;
				PRODUCT_NAME = "$(TARGET_NAME)";
				SWIFT_VERSION = 5.0;
				TEST_TARGET_NAME = SwitchActivation;
			};
			name = Debug;
		};
		4A9F71FD249C9EA40023C93F /* Release */ = {
			isa = XCBuildConfiguration;
			buildSettings = {
				ALWAYS_EMBED_SWIFT_STANDARD_LIBRARIES = YES;
				CODE_SIGN_STYLE = Automatic;
				COMBINE_HIDPI_IMAGES = YES;
				INFOPLIST_FILE = SwitchActivationUITests/Info.plist;
				LD_RUNPATH_SEARCH_PATHS = (
					"$(inherited)",
					"@executable_path/../Frameworks",
					"@loader_path/../Frameworks",
				);
				PRODUCT_BUNDLE_IDENTIFIER = com.spartasciene.SwitchActivation.SwitchActivationUITests;
				PRODUCT_NAME = "$(TARGET_NAME)";
				SWIFT_VERSION = 5.0;
				TEST_TARGET_NAME = SwitchActivation;
			};
			name = Release;
		};
/* End XCBuildConfiguration section */

/* Begin XCConfigurationList section */
		4A9F71D8249C9EA00023C93F /* Build configuration list for PBXProject "SwitchActivation" */ = {
			isa = XCConfigurationList;
			buildConfigurations = (
				4A9F71F6249C9EA40023C93F /* Debug */,
				4A9F71F7249C9EA40023C93F /* Release */,
			);
			defaultConfigurationIsVisible = 0;
			defaultConfigurationName = Release;
		};
		4A9F71F8249C9EA40023C93F /* Build configuration list for PBXNativeTarget "SwitchActivation" */ = {
			isa = XCConfigurationList;
			buildConfigurations = (
				4A9F71F9249C9EA40023C93F /* Debug */,
				4A9F71FA249C9EA40023C93F /* Release */,
			);
			defaultConfigurationIsVisible = 0;
			defaultConfigurationName = Release;
		};
		4A9F71FB249C9EA40023C93F /* Build configuration list for PBXNativeTarget "SwitchActivationUITests" */ = {
			isa = XCConfigurationList;
			buildConfigurations = (
				4A9F71FC249C9EA40023C93F /* Debug */,
				4A9F71FD249C9EA40023C93F /* Release */,
			);
			defaultConfigurationIsVisible = 0;
			defaultConfigurationName = Release;
		};
/* End XCConfigurationList section */
	};
	rootObject = 4A9F71D5249C9EA00023C93F /* Project object */;
}
